
Microsoft Visual Studio Solution File, Format Version 12.00
# Visual Studio 15
Project("{FAE04EC0-301F-11D3-BF4B-00C04F79EFBC}") = "AsyncErrorHandlerExemplo.Android", "AsyncErrorHandlerExemplo.Android\AsyncErrorHandlerExemplo.Android.csproj", "{26AB1C22-B65B-40F6-B196-AAA0B8FE35E3}"
EndProject
Project("{FAE04EC0-301F-11D3-BF4B-00C04F79EFBC}") = "AsyncErrorHandlerExemplo.iOS", "AsyncErrorHandlerExemplo.iOS\AsyncErrorHandlerExemplo.iOS.csproj", "{C531B94D-486B-4122-A5AE-E3AB8F70B246}"
EndProject
Project("{FAE04EC0-301F-11D3-BF4B-00C04F79EFBC}") = "AsyncErrorHandlerExemplo", "AsyncErrorHandlerExemplo\AsyncErrorHandlerExemplo.csproj", "{D0768F64-00B1-4196-B49A-38BB3E2613AD}"
EndProject
Global
	GlobalSection(SolutionConfigurationPlatforms) = preSolution
		Debug|Any CPU = Debug|Any CPU
		Release|Any CPU = Release|Any CPU
		Debug|iPhoneSimulator = Debug|iPhoneSimulator
		Release|iPhoneSimulator = Release|iPhoneSimulator
		Debug|iPhone = Debug|iPhone
		Release|iPhone = Release|iPhone
	EndGlobalSection
	GlobalSection(ProjectConfigurationPlatforms) = postSolution
		{26AB1C22-B65B-40F6-B196-AAA0B8FE35E3}.Debug|Any CPU.ActiveCfg = Debug|Any CPU
		{26AB1C22-B65B-40F6-B196-AAA0B8FE35E3}.Debug|Any CPU.Build.0 = Debug|Any CPU
		{26AB1C22-B65B-40F6-B196-AAA0B8FE35E3}.Release|Any CPU.ActiveCfg = Release|Any CPU
		{26AB1C22-B65B-40F6-B196-AAA0B8FE35E3}.Release|Any CPU.Build.0 = Release|Any CPU
		{26AB1C22-B65B-40F6-B196-AAA0B8FE35E3}.Debug|iPhoneSimulator.ActiveCfg = Debug|Any CPU
		{26AB1C22-B65B-40F6-B196-AAA0B8FE35E3}.Debug|iPhoneSimulator.Build.0 = Debug|Any CPU
		{26AB1C22-B65B-40F6-B196-AAA0B8FE35E3}.Release|iPhoneSimulator.ActiveCfg = Release|Any CPU
		{26AB1C22-B65B-40F6-B196-AAA0B8FE35E3}.Release|iPhoneSimulator.Build.0 = Release|Any CPU
		{26AB1C22-B65B-40F6-B196-AAA0B8FE35E3}.Debug|iPhone.ActiveCfg = Debug|Any CPU
		{26AB1C22-B65B-40F6-B196-AAA0B8FE35E3}.Debug|iPhone.Build.0 = Debug|Any CPU
		{26AB1C22-B65B-40F6-B196-AAA0B8FE35E3}.Release|iPhone.ActiveCfg = Release|Any CPU
		{26AB1C22-B65B-40F6-B196-AAA0B8FE35E3}.Release|iPhone.Build.0 = Release|Any CPU
		{C531B94D-486B-4122-A5AE-E3AB8F70B246}.Debug|Any CPU.ActiveCfg = Debug|iPhoneSimulator
		{C531B94D-486B-4122-A5AE-E3AB8F70B246}.Debug|Any CPU.Build.0 = Debug|iPhoneSimulator
		{C531B94D-486B-4122-A5AE-E3AB8F70B246}.Release|Any CPU.ActiveCfg = Release|iPhoneSimulator
		{C531B94D-486B-4122-A5AE-E3AB8F70B246}.Release|Any CPU.Build.0 = Release|iPhoneSimulator
		{C531B94D-486B-4122-A5AE-E3AB8F70B246}.Debug|iPhoneSimulator.ActiveCfg = Debug|iPhoneSimulator
		{C531B94D-486B-4122-A5AE-E3AB8F70B246}.Debug|iPhoneSimulator.Build.0 = Debug|iPhoneSimulator
		{C531B94D-486B-4122-A5AE-E3AB8F70B246}.Release|iPhoneSimulator.ActiveCfg = Release|iPhoneSimulator
		{C531B94D-486B-4122-A5AE-E3AB8F70B246}.Release|iPhoneSimulator.Build.0 = Release|iPhoneSimulator
		{C531B94D-486B-4122-A5AE-E3AB8F70B246}.Debug|iPhone.ActiveCfg = Debug|iPhone
		{C531B94D-486B-4122-A5AE-E3AB8F70B246}.Debug|iPhone.Build.0 = Debug|iPhone
		{C531B94D-486B-4122-A5AE-E3AB8F70B246}.Release|iPhone.ActiveCfg = Release|iPhone
		{C531B94D-486B-4122-A5AE-E3AB8F70B246}.Release|iPhone.Build.0 = Release|iPhone
		{D0768F64-00B1-4196-B49A-38BB3E2613AD}.Debug|Any CPU.ActiveCfg = Debug|Any CPU
		{D0768F64-00B1-4196-B49A-38BB3E2613AD}.Debug|Any CPU.Build.0 = Debug|Any CPU
		{D0768F64-00B1-4196-B49A-38BB3E2613AD}.Release|Any CPU.ActiveCfg = Release|Any CPU
		{D0768F64-00B1-4196-B49A-38BB3E2613AD}.Release|Any CPU.Build.0 = Release|Any CPU
		{D0768F64-00B1-4196-B49A-38BB3E2613AD}.Debug|iPhoneSimulator.ActiveCfg = Debug|Any CPU
		{D0768F64-00B1-4196-B49A-38BB3E2613AD}.Debug|iPhoneSimulator.Build.0 = Debug|Any CPU
		{D0768F64-00B1-4196-B49A-38BB3E2613AD}.Release|iPhoneSimulator.ActiveCfg = Release|Any CPU
		{D0768F64-00B1-4196-B49A-38BB3E2613AD}.Release|iPhoneSimulator.Build.0 = Release|Any CPU
		{D0768F64-00B1-4196-B49A-38BB3E2613AD}.Debug|iPhone.ActiveCfg = Debug|Any CPU
		{D0768F64-00B1-4196-B49A-38BB3E2613AD}.Debug|iPhone.Build.0 = Debug|Any CPU
		{D0768F64-00B1-4196-B49A-38BB3E2613AD}.Release|iPhone.ActiveCfg = Release|Any CPU
		{D0768F64-00B1-4196-B49A-38BB3E2613AD}.Release|iPhone.Build.0 = Release|Any CPU
	EndGlobalSection
EndGlobal
